<?xml version="1.0" encoding="utf-8"?>
<Project ToolsVersion="4.0" xmlns="http://schemas.microsoft.com/developer/msbuild/2003">
  <ItemGroup>
    <Filter Include="源文件">
      <UniqueIdentifier>{4FC737F1-C7A5-4376-A066-2A32D752A2FF}</UniqueIdentifier>
      <Extensions>cpp;c;cc;cxx;def;odl;idl;hpj;bat;asm;asmx</Extensions>
    </Filter>
    <Filter Include="头文件">
      <UniqueIdentifier>{93995380-89BD-4b04-88EB-625FBE52EBFB}</UniqueIdentifier>
      <Extensions>h;hh;hpp;hxx;hm;inl;inc;ipp;xsd</Extensions>
    </Filter>
    <Filter Include="资源文件">
      <UniqueIdentifier>{67DA6AB6-F800-4c08-8B7A-83BB121AAD01}</UniqueIdentifier>
      <Extensions>rc;ico;cur;bmp;dlg;rc2;rct;bin;rgs;gif;jpg;jpeg;jpe;resx;tiff;tif;png;wav;mfcribbon-ms</Extensions>
    </Filter>
    <Filter Include="ToxicTool">
      <UniqueIdentifier>{df1e450a-c0fe-4a9e-b311-5c091bf609d2}</UniqueIdentifier>
    </Filter>
    <Filter Include="Easy">
      <UniqueIdentifier>{f99e1a9e-fe42-48d4-a20b-49aa9d81f2e1}</UniqueIdentifier>
    </Filter>
    <Filter Include="Medium">
      <UniqueIdentifier>{0782f1a5-7a68-4f8e-aa64-efd156827311}</UniqueIdentifier>
    </Filter>
    <Filter Include="Hard">
      <UniqueIdentifier>{3347a6c6-5247-4325-b348-ca4aee9b53b1}</UniqueIdentifier>
    </Filter>
  </ItemGroup>
  <ItemGroup>
    <ClCompile Include="MuyLeetCodeSolu.cpp">
      <Filter>源文件</Filter>
    </ClCompile>
    <ClCompile Include="ToxicToolA.cpp">
      <Filter>ToxicTool</Filter>
    </ClCompile>
  </ItemGroup>
  <ItemGroup>
    <ClInclude Include="ToxicToolA.h">
      <Filter>ToxicTool</Filter>
    </ClInclude>
    <ClInclude Include="Easy\Problem283.h">
      <Filter>Easy</Filter>
    </ClInclude>
    <ClInclude Include="Easy\Problem326.h">
      <Filter>Easy</Filter>
    </ClInclude>
    <ClInclude Include="Easy\Problem371.h">
      <Filter>Easy</Filter>
    </ClInclude>
    <ClInclude Include="Easy\Problem387.h">
      <Filter>Easy</Filter>
    </ClInclude>
    <ClInclude Include="Easy\Problem412.h">
      <Filter>Easy</Filter>
    </ClInclude>
    <ClInclude Include="Easy\Problem344.h">
      <Filter>Easy</Filter>
    </ClInclude>
    <ClInclude Include="Easy\Problem268.h">
      <Filter>Easy</Filter>
    </ClInclude>
    <ClInclude Include="Easy\Problem242.h">
      <Filter>Easy</Filter>
    </ClInclude>
    <ClInclude Include="Easy\Problem237.h">
      <Filter>Easy</Filter>
    </ClInclude>
    <ClInclude Include="Easy\Problem234.h">
      <Filter>Easy</Filter>
    </ClInclude>
    <ClInclude Include="Easy\Problem217.h">
      <Filter>Easy</Filter>
    </ClInclude>
    <ClInclude Include="Easy\Problem206.h">
      <Filter>Easy</Filter>
    </ClInclude>
    <ClInclude Include="Easy\Problem202.h">
      <Filter>Easy</Filter>
    </ClInclude>
    <ClInclude Include="Easy\Problem191.h">
      <Filter>Easy</Filter>
    </ClInclude>
    <ClInclude Include="Easy\Problem190.h">
      <Filter>Easy</Filter>
    </ClInclude>
    <ClInclude Include="Easy\Problem189.h">
      <Filter>Easy</Filter>
    </ClInclude>
    <ClInclude Include="Easy\Problem172.h">
      <Filter>Easy</Filter>
    </ClInclude>
    <ClInclude Include="Easy\Problem171.h">
      <Filter>Easy</Filter>
    </ClInclude>
    <ClInclude Include="Easy\Problem169.h">
      <Filter>Easy</Filter>
    </ClInclude>
    <ClInclude Include="Easy\Problem160.h">
      <Filter>Easy</Filter>
    </ClInclude>
    <ClInclude Include="Easy\Problem141.h">
      <Filter>Easy</Filter>
    </ClInclude>
    <ClInclude Include="Easy\Problem136.h">
      <Filter>Easy</Filter>
    </ClInclude>
    <ClInclude Include="Easy\Problem125.h">
      <Filter>Easy</Filter>
    </ClInclude>
    <ClInclude Include="Easy\Problem155.h">
      <Filter>Easy</Filter>
    </ClInclude>
    <ClInclude Include="Easy\Problem122.h">
      <Filter>Easy</Filter>
    </ClInclude>
    <ClInclude Include="Easy\Problem121.h">
      <Filter>Easy</Filter>
    </ClInclude>
    <ClInclude Include="Easy\Problem118.h">
      <Filter>Easy</Filter>
    </ClInclude>
    <ClInclude Include="Easy\Problem108.h">
      <Filter>Easy</Filter>
    </ClInclude>
    <ClInclude Include="Easy\Problem204.h">
      <Filter>Easy</Filter>
    </ClInclude>
    <ClInclude Include="Medium\Problem5.h">
      <Filter>Medium</Filter>
    </ClInclude>
    <ClInclude Include="Medium\Problem11.h">
      <Filter>Medium</Filter>
    </ClInclude>
    <ClInclude Include="Medium\Problem17.h">
      <Filter>Medium</Filter>
    </ClInclude>
    <ClInclude Include="Medium\Problem19.h">
      <Filter>Medium</Filter>
    </ClInclude>
    <ClInclude Include="Medium\Problem22.h">
      <Filter>Medium</Filter>
    </ClInclude>
    <ClInclude Include="Medium\Problem29.h">
      <Filter>Medium</Filter>
    </ClInclude>
    <ClInclude Include="Medium\Problem34.h">
      <Filter>Medium</Filter>
    </ClInclude>
    <ClInclude Include="Medium\Problem48.h">
      <Filter>Medium</Filter>
    </ClInclude>
    <ClInclude Include="Medium\Problem3.h">
      <Filter>Medium</Filter>
    </ClInclude>
    <ClInclude Include="Medium\Problem2.h">
      <Filter>Medium</Filter>
    </ClInclude>
    <ClInclude Include="Hard\Problem4.h">
      <Filter>Hard</Filter>
    </ClInclude>
    <ClInclude Include="Easy\Problem1.h">
      <Filter>Easy</Filter>
    </ClInclude>
    <ClInclude Include="Easy\Problem7.h">
      <Filter>Easy</Filter>
    </ClInclude>
    <ClInclude Include="Easy\Problem8.h">
      <Filter>Easy</Filter>
    </ClInclude>
    <ClInclude Include="Easy\Problem9.h">
      <Filter>Easy</Filter>
    </ClInclude>
    <ClInclude Include="Easy\Problem13.h">
      <Filter>Easy</Filter>
    </ClInclude>
    <ClInclude Include="Easy\Problem14.h">
      <Filter>Easy</Filter>
    </ClInclude>
    <ClInclude Include="Easy\Problem20.h">
      <Filter>Easy</Filter>
    </ClInclude>
    <ClInclude Include="Easy\Problem21.h">
      <Filter>Easy</Filter>
    </ClInclude>
    <ClInclude Include="Easy\Problem26.h">
      <Filter>Easy</Filter>
    </ClInclude>
    <ClInclude Include="Easy\Problem27.h">
      <Filter>Easy</Filter>
    </ClInclude>
    <ClInclude Include="Easy\Problem28.h">
      <Filter>Easy</Filter>
    </ClInclude>
    <ClInclude Include="Easy\Problem35.h">
      <Filter>Easy</Filter>
    </ClInclude>
    <ClInclude Include="Easy\Problem53.h">
      <Filter>Easy</Filter>
    </ClInclude>
    <ClInclude Include="Easy\Problem66.h">
      <Filter>Easy</Filter>
    </ClInclude>
    <ClInclude Include="Easy\Problem69.h">
      <Filter>Easy</Filter>
    </ClInclude>
    <ClInclude Include="Easy\Problem70.h">
      <Filter>Easy</Filter>
    </ClInclude>
    <ClInclude Include="Easy\Problem88.h">
      <Filter>Easy</Filter>
    </ClInclude>
    <ClInclude Include="Easy\Problem101.h">
      <Filter>Easy</Filter>
    </ClInclude>
    <ClInclude Include="Easy\Problem104.h">
      <Filter>Easy</Filter>
    </ClInclude>
    <ClInclude Include="Medium\Problem622.h">
      <Filter>Medium</Filter>
    </ClInclude>
    <ClInclude Include="Easy\Problem58.h">
      <Filter>Easy</Filter>
    </ClInclude>
    <ClInclude Include="Easy\Problem67.h">
      <Filter>Easy</Filter>
    </ClInclude>
    <ClInclude Include="Easy\Problem83.h">
      <Filter>Easy</Filter>
    </ClInclude>
    <ClInclude Include="Medium\Problem82.h">
      <Filter>Medium</Filter>
    </ClInclude>
    <ClInclude Include="Medium\Problem80.h">
      <Filter>Medium</Filter>
    </ClInclude>
    <ClInclude Include="Medium\Problem33.h">
      <Filter>Medium</Filter>
    </ClInclude>
    <ClInclude Include="Medium\Problem36.h">
      <Filter>Medium</Filter>
    </ClInclude>
    <ClInclude Include="Medium\Problem200.h">
      <Filter>Medium</Filter>
    </ClInclude>
    <ClInclude Include="Medium\Problem133.h">
      <Filter>Medium</Filter>
    </ClInclude>
    <ClInclude Include="Easy\Problem144.h">
      <Filter>Easy</Filter>
    </ClInclude>
    <ClInclude Include="Medium\Problem695.h">
      <Filter>Medium</Filter>
    </ClInclude>
    <ClInclude Include="Medium\Problem542.h">
      <Filter>Medium</Filter>
    </ClInclude>
    <ClInclude Include="Medium\Problem994.h">
      <Filter>Medium</Filter>
    </ClInclude>
    <ClInclude Include="Medium\Problem543.h">
      <Filter>Medium</Filter>
    </ClInclude>
    <ClInclude Include="Medium\Problem86.h">
      <Filter>Medium</Filter>
    </ClInclude>
    <ClInclude Include="Hard\Problem23.h">
      <Filter>Hard</Filter>
    </ClInclude>
    <ClInclude Include="Medium\Problem142.h">
      <Filter>Medium</Filter>
    </ClInclude>
    <ClInclude Include="Easy\Problem876.h">
      <Filter>Easy</Filter>
    </ClInclude>
    <ClInclude Include="Medium\Problem167.h">
      <Filter>Medium</Filter>
    </ClInclude>
    <ClInclude Include="Hard\Problem76.h">
      <Filter>Hard</Filter>
    </ClInclude>
    <ClInclude Include="Medium\Problem567.h">
      <Filter>Medium</Filter>
    </ClInclude>
  </ItemGroup>
</Project>